
Microsoft Visual Studio Solution File, Format Version 12.00
# Visual Studio Version 16
VisualStudioVersion = 16.0.30503.244
MinimumVisualStudioVersion = 10.0.40219.1
Project("{9A19103F-16F7-4668-BE54-9A1E7A4F7556}") = "SharedClasses", "DataClassses\SharedClasses.csproj", "{E886C190-86F5-473C-8548-86438F666467}"
EndProject
Project("{9A19103F-16F7-4668-BE54-9A1E7A4F7556}") = "TaskSchedulerConsole", "TaskSchedulerConsole\TaskSchedulerConsole.csproj", "{18AB3AF4-299F-4FFB-B4B5-8DC4A8355AD4}"
EndProject
Project("{9A19103F-16F7-4668-BE54-9A1E7A4F7556}") = "TaskScheduler", "TaskScheduler\TaskScheduler.csproj", "{A321F376-E196-4482-99EF-38729DB3FE27}"
EndProject
Project("{9A19103F-16F7-4668-BE54-9A1E7A4F7556}") = "TaskSchedulerDataHandler", "TaskSchedulerDataHandler\TaskSchedulerDataHandler.csproj", "{D89BDD4E-D08D-4827-96B0-142328EE19FA}"
EndProject
Global
	GlobalSection(SolutionConfigurationPlatforms) = preSolution
		Debug|Any CPU = Debug|Any CPU
		Release|Any CPU = Release|Any CPU
	EndGlobalSection
	GlobalSection(ProjectConfigurationPlatforms) = postSolution
		{E886C190-86F5-473C-8548-86438F666467}.Debug|Any CPU.ActiveCfg = Debug|Any CPU
		{E886C190-86F5-473C-8548-86438F666467}.Debug|Any CPU.Build.0 = Debug|Any CPU
		{E886C190-86F5-473C-8548-86438F666467}.Release|Any CPU.ActiveCfg = Release|Any CPU
		{E886C190-86F5-473C-8548-86438F666467}.Release|Any CPU.Build.0 = Release|Any CPU
		{18AB3AF4-299F-4FFB-B4B5-8DC4A8355AD4}.Debug|Any CPU.ActiveCfg = Debug|Any CPU
		{18AB3AF4-299F-4FFB-B4B5-8DC4A8355AD4}.Debug|Any CPU.Build.0 = Debug|Any CPU
		{18AB3AF4-299F-4FFB-B4B5-8DC4A8355AD4}.Release|Any CPU.ActiveCfg = Release|Any CPU
		{18AB3AF4-299F-4FFB-B4B5-8DC4A8355AD4}.Release|Any CPU.Build.0 = Release|Any CPU
		{A321F376-E196-4482-99EF-38729DB3FE27}.Debug|Any CPU.ActiveCfg = Debug|Any CPU
		{A321F376-E196-4482-99EF-38729DB3FE27}.Debug|Any CPU.Build.0 = Debug|Any CPU
		{A321F376-E196-4482-99EF-38729DB3FE27}.Release|Any CPU.ActiveCfg = Release|Any CPU
		{A321F376-E196-4482-99EF-38729DB3FE27}.Release|Any CPU.Build.0 = Release|Any CPU
		{D89BDD4E-D08D-4827-96B0-142328EE19FA}.Debug|Any CPU.ActiveCfg = Debug|Any CPU
		{D89BDD4E-D08D-4827-96B0-142328EE19FA}.Debug|Any CPU.Build.0 = Debug|Any CPU
		{D89BDD4E-D08D-4827-96B0-142328EE19FA}.Release|Any CPU.ActiveCfg = Release|Any CPU
		{D89BDD4E-D08D-4827-96B0-142328EE19FA}.Release|Any CPU.Build.0 = Release|Any CPU
	EndGlobalSection
	GlobalSection(SolutionProperties) = preSolution
		HideSolutionNode = FALSE
	EndGlobalSection
	GlobalSection(ExtensibilityGlobals) = postSolution
		SolutionGuid = {B86E8E36-AC90-449E-9C87-C0E428FEF8F0}
	EndGlobalSection
EndGlobal
